// !$*UTF8*$!
{
	archiveVersion = 1;
	classes = {
	};
	objectVersion = 48;
	objects = {

/* Begin PBXBuildFile section */
		410374F020138810005B2BEA /* AccountInfoPopup.swift in Sources */ = {isa = PBXBuildFile; fileRef = 410374EF20138810005B2BEA /* AccountInfoPopup.swift */; };
		4185115D200BB038008BBDFA /* HomeVC.swift in Sources */ = {isa = PBXBuildFile; fileRef = 4185115C200BB038008BBDFA /* HomeVC.swift */; };
		419D6AB620084BE6007C7CBC /* SideMenuVC.swift in Sources */ = {isa = PBXBuildFile; fileRef = 419D6AB520084BE6007C7CBC /* SideMenuVC.swift */; };
		419D6AB820084C8B007C7CBC /* SideMenuCell.swift in Sources */ = {isa = PBXBuildFile; fileRef = 419D6AB720084C8B007C7CBC /* SideMenuCell.swift */; };
		419D6ABE200855A3007C7CBC /* BaseVC.swift in Sources */ = {isa = PBXBuildFile; fileRef = 419D6ABD200855A3007C7CBC /* BaseVC.swift */; };
		41AF5105200B2D6B0082F272 /* SettingVC.swift in Sources */ = {isa = PBXBuildFile; fileRef = 41AF5104200B2D6B0082F272 /* SettingVC.swift */; };
		41AF5107200B3B3F0082F272 /* PageVC.swift in Sources */ = {isa = PBXBuildFile; fileRef = 41AF5106200B3B3F0082F272 /* PageVC.swift */; };
		41AF5109200B3BB40082F272 /* CustomerVC.swift in Sources */ = {isa = PBXBuildFile; fileRef = 41AF5108200B3BB40082F272 /* CustomerVC.swift */; };
		41F34F1E20145EAE000FD9E9 /* HelpCell.swift in Sources */ = {isa = PBXBuildFile; fileRef = 41F34F1D20145EAE000FD9E9 /* HelpCell.swift */; };
		41F34F2020146234000FD9E9 /* HelpData.swift in Sources */ = {isa = PBXBuildFile; fileRef = 41F34F1F20146234000FD9E9 /* HelpData.swift */; };
		4D88FEFD2008779000A442DE /* ExSlideMenuController.swift in Sources */ = {isa = PBXBuildFile; fileRef = 4D88FEFC2008779000A442DE /* ExSlideMenuController.swift */; };
		4D88FEFF200877B800A442DE /* UIApplication.swift in Sources */ = {isa = PBXBuildFile; fileRef = 4D88FEFE200877B800A442DE /* UIApplication.swift */; };
		4D88FF0220087BEF00A442DE /* Constant.swift in Sources */ = {isa = PBXBuildFile; fileRef = 4D88FF0120087BEF00A442DE /* Constant.swift */; };
		4D88FF042008824600A442DE /* UIViewController.swift in Sources */ = {isa = PBXBuildFile; fileRef = 4D88FF032008824600A442DE /* UIViewController.swift */; };
		4D88FF062008AB7F00A442DE /* PageTestViewController.swift in Sources */ = {isa = PBXBuildFile; fileRef = 4D88FF052008AB7F00A442DE /* PageTestViewController.swift */; };
		B09545E208C4959AA44FD33C /* Pods_Prototype2.framework in Frameworks */ = {isa = PBXBuildFile; fileRef = 0FAC40FDC9F2E6D090F5677D /* Pods_Prototype2.framework */; };
		FD0433A8200F4E8F00F26725 /* CalculateVC.swift in Sources */ = {isa = PBXBuildFile; fileRef = FD0433A7200F4E8F00F26725 /* CalculateVC.swift */; };
		FD15222620061BA30028B221 /* SelectedPhotoVC.swift in Sources */ = {isa = PBXBuildFile; fileRef = FD15222520061BA30028B221 /* SelectedPhotoVC.swift */; };
		FD15222920061BD30028B221 /* ComparePhotoVC.swift in Sources */ = {isa = PBXBuildFile; fileRef = FD15222820061BD30028B221 /* ComparePhotoVC.swift */; };
		FD15222B20061BE30028B221 /* EditPhotoVC.swift in Sources */ = {isa = PBXBuildFile; fileRef = FD15222A20061BE30028B221 /* EditPhotoVC.swift */; };
		FD15223520061DE40028B221 /* MainTableViewCell.swift in Sources */ = {isa = PBXBuildFile; fileRef = FD15223420061DE40028B221 /* MainTableViewCell.swift */; };
		FD15223720061E2D0028B221 /* MailVC.swift in Sources */ = {isa = PBXBuildFile; fileRef = FD15223620061E2D0028B221 /* MailVC.swift */; };
		FD15223A20061EC80028B221 /* UserPopupVC.swift in Sources */ = {isa = PBXBuildFile; fileRef = FD15223920061EC80028B221 /* UserPopupVC.swift */; };
		FD15223D20061F400028B221 /* TemplateVC.swift in Sources */ = {isa = PBXBuildFile; fileRef = FD15223C20061F400028B221 /* TemplateVC.swift */; };
		FD15224020061FC70028B221 /* SecretVC.swift in Sources */ = {isa = PBXBuildFile; fileRef = FD15223F20061FC70028B221 /* SecretVC.swift */; };
		FD152242200620250028B221 /* CarteTableViewCell.swift in Sources */ = {isa = PBXBuildFile; fileRef = FD152241200620250028B221 /* CarteTableViewCell.swift */; };
		FD152244200620600028B221 /* SelectedVideoVC.swift in Sources */ = {isa = PBXBuildFile; fileRef = FD152243200620600028B221 /* SelectedVideoVC.swift */; };
		FD152246200620710028B221 /* CompareVideoVC.swift in Sources */ = {isa = PBXBuildFile; fileRef = FD152245200620710028B221 /* CompareVideoVC.swift */; };
		FD152248200620830028B221 /* EditVideoVC.swift in Sources */ = {isa = PBXBuildFile; fileRef = FD152247200620830028B221 /* EditVideoVC.swift */; };
		FD15D29D200C7962006F1816 /* UserData.swift in Sources */ = {isa = PBXBuildFile; fileRef = FD15D29C200C7962006F1816 /* UserData.swift */; };
		FD15D29F200C8BB0006F1816 /* CustomerPageVC.swift in Sources */ = {isa = PBXBuildFile; fileRef = FD15D29E200C8BB0006F1816 /* CustomerPageVC.swift */; };
		FD15D2A1200C8BC3006F1816 /* PhotoPageVC.swift in Sources */ = {isa = PBXBuildFile; fileRef = FD15D2A0200C8BC3006F1816 /* PhotoPageVC.swift */; };
		FD15D2A3200C8BDD006F1816 /* VideoPageVC.swift in Sources */ = {isa = PBXBuildFile; fileRef = FD15D2A2200C8BDD006F1816 /* VideoPageVC.swift */; };
		FD1D81C720103D1700498B2C /* AccountInfoVC.swift in Sources */ = {isa = PBXBuildFile; fileRef = FD1D81C620103D1700498B2C /* AccountInfoVC.swift */; };
		FD1D81C920103D2700498B2C /* HelpVC.swift in Sources */ = {isa = PBXBuildFile; fileRef = FD1D81C820103D2700498B2C /* HelpVC.swift */; };
		FD1D81CB20107ADF00498B2C /* RegisterCustomerVC.swift in Sources */ = {isa = PBXBuildFile; fileRef = FD1D81CA20107ADF00498B2C /* RegisterCustomerVC.swift */; };
		FD51AE162022A85E004B7466 /* SelectedCarteVC.swift in Sources */ = {isa = PBXBuildFile; fileRef = FD51AE142022A4D7004B7466 /* SelectedCarteVC.swift */; };
		FD51AE172022A869004B7466 /* EditCarteVC.swift in Sources */ = {isa = PBXBuildFile; fileRef = FD15222220061B7F0028B221 /* EditCarteVC.swift */; };
		FD55BA72200D9038008E6A81 /* RealmServices.swift in Sources */ = {isa = PBXBuildFile; fileRef = FD55BA71200D9038008E6A81 /* RealmServices.swift */; };
		FD594DEB2005A6A1006B72A5 /* MainVC.swift in Sources */ = {isa = PBXBuildFile; fileRef = FD594DEA2005A6A1006B72A5 /* MainVC.swift */; };
		FD594DED2005A9B2006B72A5 /* CarteVC.swift in Sources */ = {isa = PBXBuildFile; fileRef = FD594DEC2005A9B2006B72A5 /* CarteVC.swift */; };
		FD594DF32005DDCC006B72A5 /* CustomerData.swift in Sources */ = {isa = PBXBuildFile; fileRef = FD594DF12005DDCC006B72A5 /* CustomerData.swift */; };
		FD594DF42005DDCC006B72A5 /* CarteData.swift in Sources */ = {isa = PBXBuildFile; fileRef = FD594DF22005DDCC006B72A5 /* CarteData.swift */; };
		FD59CF1820181EF00047A007 /* SelectedCarteCollectionCell.swift in Sources */ = {isa = PBXBuildFile; fileRef = FD59CF1720181EF00047A007 /* SelectedCarteCollectionCell.swift */; };
		FD723CE22004ADC1002E5675 /* AppDelegate.swift in Sources */ = {isa = PBXBuildFile; fileRef = FD723CE12004ADC1002E5675 /* AppDelegate.swift */; };
		FD723CE72004ADC1002E5675 /* Main.storyboard in Resources */ = {isa = PBXBuildFile; fileRef = FD723CE52004ADC1002E5675 /* Main.storyboard */; };
		FD723CE92004ADC1002E5675 /* Assets.xcassets in Resources */ = {isa = PBXBuildFile; fileRef = FD723CE82004ADC1002E5675 /* Assets.xcassets */; };
		FD723CEC2004ADC1002E5675 /* LaunchScreen.storyboard in Resources */ = {isa = PBXBuildFile; fileRef = FD723CEA2004ADC1002E5675 /* LaunchScreen.storyboard */; };
		FD723CFB2004AEBC002E5675 /* meiryo.ttc in Resources */ = {isa = PBXBuildFile; fileRef = FD723CF92004AEBC002E5675 /* meiryo.ttc */; };
		FD723CFC2004AEBC002E5675 /* meiryob.ttc in Resources */ = {isa = PBXBuildFile; fileRef = FD723CFA2004AEBC002E5675 /* meiryob.ttc */; };
		FD723CFE2004B023002E5675 /* GoogleService-Info.plist in Resources */ = {isa = PBXBuildFile; fileRef = FD723CFD2004B022002E5675 /* GoogleService-Info.plist */; };
		FD723D042004BAEB002E5675 /* LoginVC.swift in Sources */ = {isa = PBXBuildFile; fileRef = FD723D032004BAEB002E5675 /* LoginVC.swift */; };
		FD723D0A2004BC10002E5675 /* RoundUIViewCorner.swift in Sources */ = {isa = PBXBuildFile; fileRef = FD723D072004BC10002E5675 /* RoundUIViewCorner.swift */; };
		FD723D0B2004BC10002E5675 /* RoundLabelCorner.swift in Sources */ = {isa = PBXBuildFile; fileRef = FD723D082004BC10002E5675 /* RoundLabelCorner.swift */; };
		FD723D0C2004BC10002E5675 /* RoundButtonCorner.swift in Sources */ = {isa = PBXBuildFile; fileRef = FD723D092004BC10002E5675 /* RoundButtonCorner.swift */; };
		FD723D0E2004BC2F002E5675 /* RoundImageCorner.swift in Sources */ = {isa = PBXBuildFile; fileRef = FD723D0D2004BC2F002E5675 /* RoundImageCorner.swift */; };
		FD795BA820119CBC00015DEA /* AppNotify.swift in Sources */ = {isa = PBXBuildFile; fileRef = FD795BA720119CBC00015DEA /* AppNotify.swift */; };
		FD795BAA20119FF900015DEA /* NotificationVC.swift in Sources */ = {isa = PBXBuildFile; fileRef = FD795BA920119FF900015DEA /* NotificationVC.swift */; };
		FD795BAD2011A07000015DEA /* NotificationCell.swift in Sources */ = {isa = PBXBuildFile; fileRef = FD795BAC2011A07000015DEA /* NotificationCell.swift */; };
		FD795BB82011EA2C00015DEA /* MailSettingPopup.swift in Sources */ = {isa = PBXBuildFile; fileRef = FD795BB72011EA2C00015DEA /* MailSettingPopup.swift */; };
		FD860FFE20157713004736CA /* SearchCustomerVC.swift in Sources */ = {isa = PBXBuildFile; fileRef = FD860FFD20157713004736CA /* SearchCustomerVC.swift */; };
		FD8BE949200DA2470011E4F8 /* CustomerCell.swift in Sources */ = {isa = PBXBuildFile; fileRef = FD8BE948200DA2470011E4F8 /* CustomerCell.swift */; };
		FD8BE94D200DCF830011E4F8 /* GlobalVariables.swift in Sources */ = {isa = PBXBuildFile; fileRef = FD8BE94C200DCF830011E4F8 /* GlobalVariables.swift */; };
		FD8BE950200DF2AA0011E4F8 /* BasePageVC.swift in Sources */ = {isa = PBXBuildFile; fileRef = FD8BE94F200DF2AA0011E4F8 /* BasePageVC.swift */; };
/* End PBXBuildFile section */

/* Begin PBXFileReference section */
		0FAC40FDC9F2E6D090F5677D /* Pods_Prototype2.framework */ = {isa = PBXFileReference; explicitFileType = wrapper.framework; includeInIndex = 0; path = Pods_Prototype2.framework; sourceTree = BUILT_PRODUCTS_DIR; };
		410374EF20138810005B2BEA /* AccountInfoPopup.swift */ = {isa = PBXFileReference; lastKnownFileType = sourcecode.swift; path = AccountInfoPopup.swift; sourceTree = "<group>"; };
		4185115C200BB038008BBDFA /* HomeVC.swift */ = {isa = PBXFileReference; lastKnownFileType = sourcecode.swift; path = HomeVC.swift; sourceTree = "<group>"; };
		419D6AB520084BE6007C7CBC /* SideMenuVC.swift */ = {isa = PBXFileReference; lastKnownFileType = sourcecode.swift; path = SideMenuVC.swift; sourceTree = "<group>"; };
		419D6AB720084C8B007C7CBC /* SideMenuCell.swift */ = {isa = PBXFileReference; lastKnownFileType = sourcecode.swift; path = SideMenuCell.swift; sourceTree = "<group>"; };
		419D6ABD200855A3007C7CBC /* BaseVC.swift */ = {isa = PBXFileReference; lastKnownFileType = sourcecode.swift; path = BaseVC.swift; sourceTree = "<group>"; };
		41AF5104200B2D6B0082F272 /* SettingVC.swift */ = {isa = PBXFileReference; lastKnownFileType = sourcecode.swift; path = SettingVC.swift; sourceTree = "<group>"; };
		41AF5106200B3B3F0082F272 /* PageVC.swift */ = {isa = PBXFileReference; lastKnownFileType = sourcecode.swift; path = PageVC.swift; sourceTree = "<group>"; };
		41AF5108200B3BB40082F272 /* CustomerVC.swift */ = {isa = PBXFileReference; lastKnownFileType = sourcecode.swift; path = CustomerVC.swift; sourceTree = "<group>"; };
		41F34F1D20145EAE000FD9E9 /* HelpCell.swift */ = {isa = PBXFileReference; lastKnownFileType = sourcecode.swift; path = HelpCell.swift; sourceTree = "<group>"; };
		41F34F1F20146234000FD9E9 /* HelpData.swift */ = {isa = PBXFileReference; lastKnownFileType = sourcecode.swift; path = HelpData.swift; sourceTree = "<group>"; };
		4D88FEFC2008779000A442DE /* ExSlideMenuController.swift */ = {isa = PBXFileReference; fileEncoding = 4; lastKnownFileType = sourcecode.swift; path = ExSlideMenuController.swift; sourceTree = "<group>"; };
		4D88FEFE200877B800A442DE /* UIApplication.swift */ = {isa = PBXFileReference; fileEncoding = 4; lastKnownFileType = sourcecode.swift; path = UIApplication.swift; sourceTree = "<group>"; };
		4D88FF0120087BEF00A442DE /* Constant.swift */ = {isa = PBXFileReference; lastKnownFileType = sourcecode.swift; path = Constant.swift; sourceTree = "<group>"; };
		4D88FF032008824600A442DE /* UIViewController.swift */ = {isa = PBXFileReference; fileEncoding = 4; lastKnownFileType = sourcecode.swift; path = UIViewController.swift; sourceTree = "<group>"; };
		4D88FF052008AB7F00A442DE /* PageTestViewController.swift */ = {isa = PBXFileReference; lastKnownFileType = sourcecode.swift; path = PageTestViewController.swift; sourceTree = "<group>"; };
		5ED158CD1A04F2AE46B9DE44 /* Pods-Prototype2.debug.xcconfig */ = {isa = PBXFileReference; includeInIndex = 1; lastKnownFileType = text.xcconfig; name = "Pods-Prototype2.debug.xcconfig"; path = "Pods/Target Support Files/Pods-Prototype2/Pods-Prototype2.debug.xcconfig"; sourceTree = "<group>"; };
		678C181F9249952A01FD8EEC /* Pods-Prototype2.release.xcconfig */ = {isa = PBXFileReference; includeInIndex = 1; lastKnownFileType = text.xcconfig; name = "Pods-Prototype2.release.xcconfig"; path = "Pods/Target Support Files/Pods-Prototype2/Pods-Prototype2.release.xcconfig"; sourceTree = "<group>"; };
		FD0433A7200F4E8F00F26725 /* CalculateVC.swift */ = {isa = PBXFileReference; lastKnownFileType = sourcecode.swift; path = CalculateVC.swift; sourceTree = "<group>"; };
		FD15222220061B7F0028B221 /* EditCarteVC.swift */ = {isa = PBXFileReference; lastKnownFileType = sourcecode.swift; path = EditCarteVC.swift; sourceTree = "<group>"; };
		FD15222520061BA30028B221 /* SelectedPhotoVC.swift */ = {isa = PBXFileReference; lastKnownFileType = sourcecode.swift; path = SelectedPhotoVC.swift; sourceTree = "<group>"; };
		FD15222820061BD30028B221 /* ComparePhotoVC.swift */ = {isa = PBXFileReference; lastKnownFileType = sourcecode.swift; path = ComparePhotoVC.swift; sourceTree = "<group>"; };
		FD15222A20061BE30028B221 /* EditPhotoVC.swift */ = {isa = PBXFileReference; lastKnownFileType = sourcecode.swift; path = EditPhotoVC.swift; sourceTree = "<group>"; };
		FD15223420061DE40028B221 /* MainTableViewCell.swift */ = {isa = PBXFileReference; lastKnownFileType = sourcecode.swift; path = MainTableViewCell.swift; sourceTree = "<group>"; };
		FD15223620061E2D0028B221 /* MailVC.swift */ = {isa = PBXFileReference; lastKnownFileType = sourcecode.swift; path = MailVC.swift; sourceTree = "<group>"; };
		FD15223920061EC80028B221 /* UserPopupVC.swift */ = {isa = PBXFileReference; lastKnownFileType = sourcecode.swift; path = UserPopupVC.swift; sourceTree = "<group>"; };
		FD15223C20061F400028B221 /* TemplateVC.swift */ = {isa = PBXFileReference; lastKnownFileType = sourcecode.swift; path = TemplateVC.swift; sourceTree = "<group>"; };
		FD15223F20061FC70028B221 /* SecretVC.swift */ = {isa = PBXFileReference; lastKnownFileType = sourcecode.swift; path = SecretVC.swift; sourceTree = "<group>"; };
		FD152241200620250028B221 /* CarteTableViewCell.swift */ = {isa = PBXFileReference; lastKnownFileType = sourcecode.swift; path = CarteTableViewCell.swift; sourceTree = "<group>"; };
		FD152243200620600028B221 /* SelectedVideoVC.swift */ = {isa = PBXFileReference; lastKnownFileType = sourcecode.swift; path = SelectedVideoVC.swift; sourceTree = "<group>"; };
		FD152245200620710028B221 /* CompareVideoVC.swift */ = {isa = PBXFileReference; lastKnownFileType = sourcecode.swift; path = CompareVideoVC.swift; sourceTree = "<group>"; };
		FD152247200620830028B221 /* EditVideoVC.swift */ = {isa = PBXFileReference; lastKnownFileType = sourcecode.swift; path = EditVideoVC.swift; sourceTree = "<group>"; };
		FD15D29C200C7962006F1816 /* UserData.swift */ = {isa = PBXFileReference; lastKnownFileType = sourcecode.swift; path = UserData.swift; sourceTree = "<group>"; };
		FD15D29E200C8BB0006F1816 /* CustomerPageVC.swift */ = {isa = PBXFileReference; lastKnownFileType = sourcecode.swift; path = CustomerPageVC.swift; sourceTree = "<group>"; };
		FD15D2A0200C8BC3006F1816 /* PhotoPageVC.swift */ = {isa = PBXFileReference; lastKnownFileType = sourcecode.swift; path = PhotoPageVC.swift; sourceTree = "<group>"; };
		FD15D2A2200C8BDD006F1816 /* VideoPageVC.swift */ = {isa = PBXFileReference; lastKnownFileType = sourcecode.swift; path = VideoPageVC.swift; sourceTree = "<group>"; };
		FD1D81C620103D1700498B2C /* AccountInfoVC.swift */ = {isa = PBXFileReference; lastKnownFileType = sourcecode.swift; path = AccountInfoVC.swift; sourceTree = "<group>"; };
		FD1D81C820103D2700498B2C /* HelpVC.swift */ = {isa = PBXFileReference; lastKnownFileType = sourcecode.swift; path = HelpVC.swift; sourceTree = "<group>"; };
		FD1D81CA20107ADF00498B2C /* RegisterCustomerVC.swift */ = {isa = PBXFileReference; lastKnownFileType = sourcecode.swift; path = RegisterCustomerVC.swift; sourceTree = "<group>"; };
		FD51AE142022A4D7004B7466 /* SelectedCarteVC.swift */ = {isa = PBXFileReference; lastKnownFileType = sourcecode.swift; path = SelectedCarteVC.swift; sourceTree = "<group>"; };
		FD55BA71200D9038008E6A81 /* RealmServices.swift */ = {isa = PBXFileReference; lastKnownFileType = sourcecode.swift; path = RealmServices.swift; sourceTree = "<group>"; };
		FD594DEA2005A6A1006B72A5 /* MainVC.swift */ = {isa = PBXFileReference; lastKnownFileType = sourcecode.swift; path = MainVC.swift; sourceTree = "<group>"; };
		FD594DEC2005A9B2006B72A5 /* CarteVC.swift */ = {isa = PBXFileReference; lastKnownFileType = sourcecode.swift; path = CarteVC.swift; sourceTree = "<group>"; };
		FD594DEE2005DC4D006B72A5 /* Prototype2.entitlements */ = {isa = PBXFileReference; lastKnownFileType = text.plist.entitlements; path = Prototype2.entitlements; sourceTree = "<group>"; };
		FD594DF12005DDCC006B72A5 /* CustomerData.swift */ = {isa = PBXFileReference; fileEncoding = 4; lastKnownFileType = sourcecode.swift; path = CustomerData.swift; sourceTree = "<group>"; };
		FD594DF22005DDCC006B72A5 /* CarteData.swift */ = {isa = PBXFileReference; fileEncoding = 4; lastKnownFileType = sourcecode.swift; path = CarteData.swift; sourceTree = "<group>"; };
		FD59CF1720181EF00047A007 /* SelectedCarteCollectionCell.swift */ = {isa = PBXFileReference; lastKnownFileType = sourcecode.swift; path = SelectedCarteCollectionCell.swift; sourceTree = "<group>"; };
		FD723CDE2004ADC1002E5675 /* Prototype2.app */ = {isa = PBXFileReference; explicitFileType = wrapper.application; includeInIndex = 0; path = Prototype2.app; sourceTree = BUILT_PRODUCTS_DIR; };
		FD723CE12004ADC1002E5675 /* AppDelegate.swift */ = {isa = PBXFileReference; lastKnownFileType = sourcecode.swift; path = AppDelegate.swift; sourceTree = "<group>"; };
		FD723CE62004ADC1002E5675 /* Base */ = {isa = PBXFileReference; lastKnownFileType = file.storyboard; name = Base; path = Base.lproj/Main.storyboard; sourceTree = "<group>"; };
		FD723CE82004ADC1002E5675 /* Assets.xcassets */ = {isa = PBXFileReference; lastKnownFileType = folder.assetcatalog; path = Assets.xcassets; sourceTree = "<group>"; };
		FD723CEB2004ADC1002E5675 /* Base */ = {isa = PBXFileReference; lastKnownFileType = file.storyboard; name = Base; path = Base.lproj/LaunchScreen.storyboard; sourceTree = "<group>"; };
		FD723CED2004ADC1002E5675 /* Info.plist */ = {isa = PBXFileReference; lastKnownFileType = text.plist.xml; path = Info.plist; sourceTree = "<group>"; };
		FD723CF92004AEBC002E5675 /* meiryo.ttc */ = {isa = PBXFileReference; lastKnownFileType = file; path = meiryo.ttc; sourceTree = "<group>"; };
		FD723CFA2004AEBC002E5675 /* meiryob.ttc */ = {isa = PBXFileReference; lastKnownFileType = file; path = meiryob.ttc; sourceTree = "<group>"; };
		FD723CFD2004B022002E5675 /* GoogleService-Info.plist */ = {isa = PBXFileReference; fileEncoding = 4; lastKnownFileType = text.plist.xml; path = "GoogleService-Info.plist"; sourceTree = "<group>"; };
		FD723D032004BAEB002E5675 /* LoginVC.swift */ = {isa = PBXFileReference; lastKnownFileType = sourcecode.swift; path = LoginVC.swift; sourceTree = "<group>"; };
		FD723D072004BC10002E5675 /* RoundUIViewCorner.swift */ = {isa = PBXFileReference; fileEncoding = 4; lastKnownFileType = sourcecode.swift; path = RoundUIViewCorner.swift; sourceTree = "<group>"; };
		FD723D082004BC10002E5675 /* RoundLabelCorner.swift */ = {isa = PBXFileReference; fileEncoding = 4; lastKnownFileType = sourcecode.swift; path = RoundLabelCorner.swift; sourceTree = "<group>"; };
		FD723D092004BC10002E5675 /* RoundButtonCorner.swift */ = {isa = PBXFileReference; fileEncoding = 4; lastKnownFileType = sourcecode.swift; path = RoundButtonCorner.swift; sourceTree = "<group>"; };
		FD723D0D2004BC2F002E5675 /* RoundImageCorner.swift */ = {isa = PBXFileReference; fileEncoding = 4; lastKnownFileType = sourcecode.swift; path = RoundImageCorner.swift; sourceTree = "<group>"; };
		FD795BA720119CBC00015DEA /* AppNotify.swift */ = {isa = PBXFileReference; lastKnownFileType = sourcecode.swift; path = AppNotify.swift; sourceTree = "<group>"; };
		FD795BA920119FF900015DEA /* NotificationVC.swift */ = {isa = PBXFileReference; lastKnownFileType = sourcecode.swift; path = NotificationVC.swift; sourceTree = "<group>"; };
		FD795BAC2011A07000015DEA /* NotificationCell.swift */ = {isa = PBXFileReference; lastKnownFileType = sourcecode.swift; path = NotificationCell.swift; sourceTree = "<group>"; };
		FD795BB72011EA2C00015DEA /* MailSettingPopup.swift */ = {isa = PBXFileReference; lastKnownFileType = sourcecode.swift; path = MailSettingPopup.swift; sourceTree = "<group>"; };
		FD860FFD20157713004736CA /* SearchCustomerVC.swift */ = {isa = PBXFileReference; lastKnownFileType = sourcecode.swift; path = SearchCustomerVC.swift; sourceTree = "<group>"; };
		FD8BE948200DA2470011E4F8 /* CustomerCell.swift */ = {isa = PBXFileReference; lastKnownFileType = sourcecode.swift; path = CustomerCell.swift; sourceTree = "<group>"; };
		FD8BE94C200DCF830011E4F8 /* GlobalVariables.swift */ = {isa = PBXFileReference; lastKnownFileType = sourcecode.swift; path = GlobalVariables.swift; sourceTree = "<group>"; };
		FD8BE94F200DF2AA0011E4F8 /* BasePageVC.swift */ = {isa = PBXFileReference; lastKnownFileType = sourcecode.swift; path = BasePageVC.swift; sourceTree = "<group>"; };
/* End PBXFileReference section */

/* Begin PBXFrameworksBuildPhase section */
		FD723CDB2004ADC1002E5675 /* Frameworks */ = {
			isa = PBXFrameworksBuildPhase;
			buildActionMask = 2147483647;
			files = (
				B09545E208C4959AA44FD33C /* Pods_Prototype2.framework in Frameworks */,
			);
			runOnlyForDeploymentPostprocessing = 0;
		};
/* End PBXFrameworksBuildPhase section */

/* Begin PBXGroup section */
		419D6AB02007AA10007C7CBC /* 3rdParty */ = {
			isa = PBXGroup;
			children = (
			);
			path = 3rdParty;
			sourceTree = "<group>";
		};
		41F34F1C20145D7D000FD9E9 /* Help */ = {
			isa = PBXGroup;
			children = (
				FD1D81C820103D2700498B2C /* HelpVC.swift */,
				41F34F1D20145EAE000FD9E9 /* HelpCell.swift */,
			);
			path = Help;
			sourceTree = "<group>";
		};
		47E14569158FC383BA0311B3 /* Pods */ = {
			isa = PBXGroup;
			children = (
				5ED158CD1A04F2AE46B9DE44 /* Pods-Prototype2.debug.xcconfig */,
				678C181F9249952A01FD8EEC /* Pods-Prototype2.release.xcconfig */,
			);
			name = Pods;
			sourceTree = "<group>";
		};
		4D88FEFB200876D800A442DE /* Extension */ = {
			isa = PBXGroup;
			children = (
				4D88FF032008824600A442DE /* UIViewController.swift */,
				4D88FEFE200877B800A442DE /* UIApplication.swift */,
				4D88FEFC2008779000A442DE /* ExSlideMenuController.swift */,
				FD55BA71200D9038008E6A81 /* RealmServices.swift */,
				FD8BE94C200DCF830011E4F8 /* GlobalVariables.swift */,
			);
			path = Extension;
			sourceTree = "<group>";
		};
		4D88FF0020087BDD00A442DE /* Constant */ = {
			isa = PBXGroup;
			children = (
				4D88FF0120087BEF00A442DE /* Constant.swift */,
			);
			path = Constant;
			sourceTree = "<group>";
		};
		8E29B9073920EAF5F3730D10 /* Frameworks */ = {
			isa = PBXGroup;
			children = (
				0FAC40FDC9F2E6D090F5677D /* Pods_Prototype2.framework */,
			);
			name = Frameworks;
			sourceTree = "<group>";
		};
		FD15222C20061CDE0028B221 /* VideoPage */ = {
			isa = PBXGroup;
			children = (
				FD152243200620600028B221 /* SelectedVideoVC.swift */,
				FD152245200620710028B221 /* CompareVideoVC.swift */,
				FD152247200620830028B221 /* EditVideoVC.swift */,
			);
			path = VideoPage;
			sourceTree = "<group>";
		};
		FD15222D20061CED0028B221 /* PhotoPage */ = {
			isa = PBXGroup;
			children = (
				FD15222A20061BE30028B221 /* EditPhotoVC.swift */,
				FD15222820061BD30028B221 /* ComparePhotoVC.swift */,
				FD15222520061BA30028B221 /* SelectedPhotoVC.swift */,
			);
			path = PhotoPage;
			sourceTree = "<group>";
		};
		FD15222E20061D1F0028B221 /* SecretPage */ = {
			isa = PBXGroup;
			children = (
				FD15223F20061FC70028B221 /* SecretVC.swift */,
			);
			path = SecretPage;
			sourceTree = "<group>";
		};
		FD15222F20061D2A0028B221 /* CartePage */ = {
			isa = PBXGroup;
			children = (
				FD15222220061B7F0028B221 /* EditCarteVC.swift */,
				FD594DEC2005A9B2006B72A5 /* CarteVC.swift */,
				FD152241200620250028B221 /* CarteTableViewCell.swift */,
				FD59CF1720181EF00047A007 /* SelectedCarteCollectionCell.swift */,
				FD51AE142022A4D7004B7466 /* SelectedCarteVC.swift */,
			);
			path = CartePage;
			sourceTree = "<group>";
		};
		FD15223120061D450028B221 /* MailPage */ = {
			isa = PBXGroup;
			children = (
				FD15223620061E2D0028B221 /* MailVC.swift */,
			);
			path = MailPage;
			sourceTree = "<group>";
		};
		FD15223220061D600028B221 /* MainPage */ = {
			isa = PBXGroup;
			children = (
				FD860FFC201576F9004736CA /* Search */,
				FD795BAE2011D24A00015DEA /* Setting */,
				FD795BAB2011A00700015DEA /* Notification */,
				FD8BE94E200DD9BD0011E4F8 /* HomeMenu */,
				FD8BE94B200DA26D0011E4F8 /* SideMenu */,
				FD8BE94A200DA2550011E4F8 /* Customer */,
				41F34F1C20145D7D000FD9E9 /* Help */,
				FD594DEA2005A6A1006B72A5 /* MainVC.swift */,
				FD15223420061DE40028B221 /* MainTableViewCell.swift */,
				FD1D81CA20107ADF00498B2C /* RegisterCustomerVC.swift */,
				419D6ABD200855A3007C7CBC /* BaseVC.swift */,
				FD8BE94F200DF2AA0011E4F8 /* BasePageVC.swift */,
				4D88FF052008AB7F00A442DE /* PageTestViewController.swift */,
				FD1D81C620103D1700498B2C /* AccountInfoVC.swift */,
				41AF5106200B3B3F0082F272 /* PageVC.swift */,
				FD15D2A0200C8BC3006F1816 /* PhotoPageVC.swift */,
				FD15D2A2200C8BDD006F1816 /* VideoPageVC.swift */,
				FD0433A7200F4E8F00F26725 /* CalculateVC.swift */,
			);
			path = MainPage;
			sourceTree = "<group>";
		};
		FD15223320061D680028B221 /* LoginPage */ = {
			isa = PBXGroup;
			children = (
				FD723D032004BAEB002E5675 /* LoginVC.swift */,
			);
			path = LoginPage;
			sourceTree = "<group>";
		};
		FD15223820061E9F0028B221 /* UserPage */ = {
			isa = PBXGroup;
			children = (
				FD15223920061EC80028B221 /* UserPopupVC.swift */,
			);
			path = UserPage;
			sourceTree = "<group>";
		};
		FD15223B20061F2F0028B221 /* TemplatePage */ = {
			isa = PBXGroup;
			children = (
				FD15223C20061F400028B221 /* TemplateVC.swift */,
			);
			path = TemplatePage;
			sourceTree = "<group>";
		};
		FD723CD52004ADC1002E5675 = {
			isa = PBXGroup;
			children = (
				FD723CE02004ADC1002E5675 /* Prototype2 */,
				FD723CDF2004ADC1002E5675 /* Products */,
				47E14569158FC383BA0311B3 /* Pods */,
				8E29B9073920EAF5F3730D10 /* Frameworks */,
			);
			sourceTree = "<group>";
		};
		FD723CDF2004ADC1002E5675 /* Products */ = {
			isa = PBXGroup;
			children = (
				FD723CDE2004ADC1002E5675 /* Prototype2.app */,
			);
			name = Products;
			sourceTree = "<group>";
		};
		FD723CE02004ADC1002E5675 /* Prototype2 */ = {
			isa = PBXGroup;
			children = (
				4D88FF0020087BDD00A442DE /* Constant */,
				FD594DEE2005DC4D006B72A5 /* Prototype2.entitlements */,
				FD723CF82004AEA6002E5675 /* Fonts */,
				FD723CF72004AE6C002E5675 /* Controller */,
				FD723CF62004AE68002E5675 /* View */,
				419D6AB02007AA10007C7CBC /* 3rdParty */,
				4D88FEFB200876D800A442DE /* Extension */,
				FD723CF52004AE64002E5675 /* Model */,
				FD723CE12004ADC1002E5675 /* AppDelegate.swift */,
				FD723CE52004ADC1002E5675 /* Main.storyboard */,
				FD723CE82004ADC1002E5675 /* Assets.xcassets */,
				FD723CEA2004ADC1002E5675 /* LaunchScreen.storyboard */,
				FD723CED2004ADC1002E5675 /* Info.plist */,
				FD723CFD2004B022002E5675 /* GoogleService-Info.plist */,
			);
			path = Prototype2;
			sourceTree = "<group>";
		};
		FD723CF52004AE64002E5675 /* Model */ = {
			isa = PBXGroup;
			children = (
				FD594DF22005DDCC006B72A5 /* CarteData.swift */,
				FD594DF12005DDCC006B72A5 /* CustomerData.swift */,
				FD15D29C200C7962006F1816 /* UserData.swift */,
				FD795BA720119CBC00015DEA /* AppNotify.swift */,
				41F34F1F20146234000FD9E9 /* HelpData.swift */,
			);
			path = Model;
			sourceTree = "<group>";
		};
		FD723CF62004AE68002E5675 /* View */ = {
			isa = PBXGroup;
			children = (
				FD723D092004BC10002E5675 /* RoundButtonCorner.swift */,
				FD723D082004BC10002E5675 /* RoundLabelCorner.swift */,
				FD723D072004BC10002E5675 /* RoundUIViewCorner.swift */,
				FD723D0D2004BC2F002E5675 /* RoundImageCorner.swift */,
			);
			path = View;
			sourceTree = "<group>";
		};
		FD723CF72004AE6C002E5675 /* Controller */ = {
			isa = PBXGroup;
			children = (
				FD15223B20061F2F0028B221 /* TemplatePage */,
				FD15223820061E9F0028B221 /* UserPage */,
				FD15223320061D680028B221 /* LoginPage */,
				FD15223220061D600028B221 /* MainPage */,
				FD15223120061D450028B221 /* MailPage */,
				FD15222F20061D2A0028B221 /* CartePage */,
				FD15222E20061D1F0028B221 /* SecretPage */,
				FD15222D20061CED0028B221 /* PhotoPage */,
				FD15222C20061CDE0028B221 /* VideoPage */,
			);
			path = Controller;
			sourceTree = "<group>";
		};
		FD723CF82004AEA6002E5675 /* Fonts */ = {
			isa = PBXGroup;
			children = (
				FD723CF92004AEBC002E5675 /* meiryo.ttc */,
				FD723CFA2004AEBC002E5675 /* meiryob.ttc */,
			);
			path = Fonts;
			sourceTree = "<group>";
		};
		FD795BAB2011A00700015DEA /* Notification */ = {
			isa = PBXGroup;
			children = (
				FD795BA920119FF900015DEA /* NotificationVC.swift */,
				FD795BAC2011A07000015DEA /* NotificationCell.swift */,
			);
			path = Notification;
			sourceTree = "<group>";
		};
		FD795BAE2011D24A00015DEA /* Setting */ = {
			isa = PBXGroup;
			children = (
				41AF5104200B2D6B0082F272 /* SettingVC.swift */,
				FD795BB72011EA2C00015DEA /* MailSettingPopup.swift */,
				410374EF20138810005B2BEA /* AccountInfoPopup.swift */,
			);
			path = Setting;
			sourceTree = "<group>";
		};
		FD860FFC201576F9004736CA /* Search */ = {
			isa = PBXGroup;
			children = (
				FD860FFD20157713004736CA /* SearchCustomerVC.swift */,
			);
			path = Search;
			sourceTree = "<group>";
		};
		FD8BE94A200DA2550011E4F8 /* Customer */ = {
			isa = PBXGroup;
			children = (
				FD8BE948200DA2470011E4F8 /* CustomerCell.swift */,
				FD15D29E200C8BB0006F1816 /* CustomerPageVC.swift */,
				41AF5108200B3BB40082F272 /* CustomerVC.swift */,
			);
			path = Customer;
			sourceTree = "<group>";
		};
		FD8BE94B200DA26D0011E4F8 /* SideMenu */ = {
			isa = PBXGroup;
			children = (
				419D6AB520084BE6007C7CBC /* SideMenuVC.swift */,
				419D6AB720084C8B007C7CBC /* SideMenuCell.swift */,
			);
			path = SideMenu;
			sourceTree = "<group>";
		};
		FD8BE94E200DD9BD0011E4F8 /* HomeMenu */ = {
			isa = PBXGroup;
			children = (
				4185115C200BB038008BBDFA /* HomeVC.swift */,
			);
			path = HomeMenu;
			sourceTree = "<group>";
		};
/* End PBXGroup section */

/* Begin PBXNativeTarget section */
		FD723CDD2004ADC1002E5675 /* Prototype2 */ = {
			isa = PBXNativeTarget;
			buildConfigurationList = FD723CF02004ADC1002E5675 /* Build configuration list for PBXNativeTarget "Prototype2" */;
			buildPhases = (
				7A4E4C4BB2D3D162B8C53FDB /* [CP] Check Pods Manifest.lock */,
				FD723CDA2004ADC1002E5675 /* Sources */,
				FD723CDB2004ADC1002E5675 /* Frameworks */,
				FD723CDC2004ADC1002E5675 /* Resources */,
				F9F6578DA45E0441822E9784 /* [CP] Embed Pods Frameworks */,
				3F9C8AAD549D87BB5E538D49 /* [CP] Copy Pods Resources */,
			);
			buildRules = (
			);
			dependencies = (
			);
			name = Prototype2;
			productName = Prototype2;
			productReference = FD723CDE2004ADC1002E5675 /* Prototype2.app */;
			productType = "com.apple.product-type.application";
		};
/* End PBXNativeTarget section */

/* Begin PBXProject section */
		FD723CD62004ADC1002E5675 /* Project object */ = {
			isa = PBXProject;
			attributes = {
				LastSwiftUpdateCheck = 0920;
				LastUpgradeCheck = 0920;
				ORGANIZATIONNAME = Long;
				TargetAttributes = {
					FD723CDD2004ADC1002E5675 = {
						CreatedOnToolsVersion = 9.2;
						LastSwiftMigration = 0920;
						ProvisioningStyle = Automatic;
						SystemCapabilities = {
							com.apple.Push = {
								enabled = 0;
							};
							com.apple.iCloud = {
								enabled = 0;
							};
						};
					};
				};
			};
			buildConfigurationList = FD723CD92004ADC1002E5675 /* Build configuration list for PBXProject "Prototype2" */;
			compatibilityVersion = "Xcode 8.0";
			developmentRegion = en;
			hasScannedForEncodings = 0;
			knownRegions = (
				en,
				Base,
			);
			mainGroup = FD723CD52004ADC1002E5675;
			productRefGroup = FD723CDF2004ADC1002E5675 /* Products */;
			projectDirPath = "";
			projectRoot = "";
			targets = (
				FD723CDD2004ADC1002E5675 /* Prototype2 */,
			);
		};
/* End PBXProject section */

/* Begin PBXResourcesBuildPhase section */
		FD723CDC2004ADC1002E5675 /* Resources */ = {
			isa = PBXResourcesBuildPhase;
			buildActionMask = 2147483647;
			files = (
				FD723CFB2004AEBC002E5675 /* meiryo.ttc in Resources */,
				FD723CEC2004ADC1002E5675 /* LaunchScreen.storyboard in Resources */,
				FD723CE92004ADC1002E5675 /* Assets.xcassets in Resources */,
				FD723CFC2004AEBC002E5675 /* meiryob.ttc in Resources */,
				FD723CE72004ADC1002E5675 /* Main.storyboard in Resources */,
				FD723CFE2004B023002E5675 /* GoogleService-Info.plist in Resources */,
			);
			runOnlyForDeploymentPostprocessing = 0;
		};
/* End PBXResourcesBuildPhase section */

/* Begin PBXShellScriptBuildPhase section */
		3F9C8AAD549D87BB5E538D49 /* [CP] Copy Pods Resources */ = {
			isa = PBXShellScriptBuildPhase;
			buildActionMask = 2147483647;
			files = (
			);
			inputPaths = (
			);
			name = "[CP] Copy Pods Resources";
			outputPaths = (
			);
			runOnlyForDeploymentPostprocessing = 0;
			shellPath = /bin/sh;
			shellScript = "\"${SRCROOT}/Pods/Target Support Files/Pods-Prototype2/Pods-Prototype2-resources.sh\"\n";
			showEnvVarsInLog = 0;
		};
		7A4E4C4BB2D3D162B8C53FDB /* [CP] Check Pods Manifest.lock */ = {
			isa = PBXShellScriptBuildPhase;
			buildActionMask = 2147483647;
			files = (
			);
			inputPaths = (
				"${PODS_PODFILE_DIR_PATH}/Podfile.lock",
				"${PODS_ROOT}/Manifest.lock",
			);
			name = "[CP] Check Pods Manifest.lock";
			outputPaths = (
				"$(DERIVED_FILE_DIR)/Pods-Prototype2-checkManifestLockResult.txt",
			);
			runOnlyForDeploymentPostprocessing = 0;
			shellPath = /bin/sh;
			shellScript = "diff \"${PODS_PODFILE_DIR_PATH}/Podfile.lock\" \"${PODS_ROOT}/Manifest.lock\" > /dev/null\nif [ $? != 0 ] ; then\n    # print error to STDERR\n    echo \"error: The sandbox is not in sync with the Podfile.lock. Run 'pod install' or update your CocoaPods installation.\" >&2\n    exit 1\nfi\n# This output is used by Xcode 'outputs' to avoid re-running this script phase.\necho \"SUCCESS\" > \"${SCRIPT_OUTPUT_FILE_0}\"\n";
			showEnvVarsInLog = 0;
		};
		F9F6578DA45E0441822E9784 /* [CP] Embed Pods Frameworks */ = {
			isa = PBXShellScriptBuildPhase;
			buildActionMask = 2147483647;
			files = (
			);
			inputPaths = (
				"${SRCROOT}/Pods/Target Support Files/Pods-Prototype2/Pods-Prototype2-frameworks.sh",
				"${BUILT_PRODUCTS_DIR}/BarcodeScanner/BarcodeScanner.framework",
				"${BUILT_PRODUCTS_DIR}/BoringSSL/openssl.framework",
				"${BUILT_PRODUCTS_DIR}/ChameleonSwift/ChameleonSwift.framework",
				"${BUILT_PRODUCTS_DIR}/GTMSessionFetcher/GTMSessionFetcher.framework",
				"${BUILT_PRODUCTS_DIR}/Gallery/Gallery.framework",
				"${BUILT_PRODUCTS_DIR}/GoogleToolboxForMac/GoogleToolboxForMac.framework",
				"${BUILT_PRODUCTS_DIR}/IQKeyboardManagerSwift/IQKeyboardManagerSwift.framework",
				"${BUILT_PRODUCTS_DIR}/PopupDialog/PopupDialog.framework",
				"${BUILT_PRODUCTS_DIR}/Protobuf/Protobuf.framework",
				"${BUILT_PRODUCTS_DIR}/Realm/Realm.framework",
				"${BUILT_PRODUCTS_DIR}/RealmSwift/RealmSwift.framework",
				"${BUILT_PRODUCTS_DIR}/SVProgressHUD/SVProgressHUD.framework",
				"${BUILT_PRODUCTS_DIR}/SkyFloatingLabelTextField/SkyFloatingLabelTextField.framework",
				"${BUILT_PRODUCTS_DIR}/SlideMenuControllerSwift/SlideMenuControllerSwift.framework",
				"${BUILT_PRODUCTS_DIR}/gRPC/GRPCClient.framework",
				"${BUILT_PRODUCTS_DIR}/gRPC-Core/grpc.framework",
				"${BUILT_PRODUCTS_DIR}/gRPC-ProtoRPC/ProtoRPC.framework",
				"${BUILT_PRODUCTS_DIR}/gRPC-RxLibrary/RxLibrary.framework",
				"${BUILT_PRODUCTS_DIR}/leveldb-library/leveldb.framework",
				"${BUILT_PRODUCTS_DIR}/nanopb/nanopb.framework",
			);
			name = "[CP] Embed Pods Frameworks";
			outputPaths = (
				"${TARGET_BUILD_DIR}/${FRAMEWORKS_FOLDER_PATH}/BarcodeScanner.framework",
				"${TARGET_BUILD_DIR}/${FRAMEWORKS_FOLDER_PATH}/openssl.framework",
				"${TARGET_BUILD_DIR}/${FRAMEWORKS_FOLDER_PATH}/ChameleonSwift.framework",
				"${TARGET_BUILD_DIR}/${FRAMEWORKS_FOLDER_PATH}/GTMSessionFetcher.framework",
				"${TARGET_BUILD_DIR}/${FRAMEWORKS_FOLDER_PATH}/Gallery.framework",
				"${TARGET_BUILD_DIR}/${FRAMEWORKS_FOLDER_PATH}/GoogleToolboxForMac.framework",
				"${TARGET_BUILD_DIR}/${FRAMEWORKS_FOLDER_PATH}/IQKeyboardManagerSwift.framework",
				"${TARGET_BUILD_DIR}/${FRAMEWORKS_FOLDER_PATH}/PopupDialog.framework",
				"${TARGET_BUILD_DIR}/${FRAMEWORKS_FOLDER_PATH}/Protobuf.framework",
				"${TARGET_BUILD_DIR}/${FRAMEWORKS_FOLDER_PATH}/Realm.framework",
				"${TARGET_BUILD_DIR}/${FRAMEWORKS_FOLDER_PATH}/RealmSwift.framework",
				"${TARGET_BUILD_DIR}/${FRAMEWORKS_FOLDER_PATH}/SVProgressHUD.framework",
				"${TARGET_BUILD_DIR}/${FRAMEWORKS_FOLDER_PATH}/SkyFloatingLabelTextField.framework",
				"${TARGET_BUILD_DIR}/${FRAMEWORKS_FOLDER_PATH}/SlideMenuControllerSwift.framework",
				"${TARGET_BUILD_DIR}/${FRAMEWORKS_FOLDER_PATH}/GRPCClient.framework",
				"${TARGET_BUILD_DIR}/${FRAMEWORKS_FOLDER_PATH}/grpc.framework",
				"${TARGET_BUILD_DIR}/${FRAMEWORKS_FOLDER_PATH}/ProtoRPC.framework",
				"${TARGET_BUILD_DIR}/${FRAMEWORKS_FOLDER_PATH}/RxLibrary.framework",
				"${TARGET_BUILD_DIR}/${FRAMEWORKS_FOLDER_PATH}/leveldb.framework",
				"${TARGET_BUILD_DIR}/${FRAMEWORKS_FOLDER_PATH}/nanopb.framework",
			);
			runOnlyForDeploymentPostprocessing = 0;
			shellPath = /bin/sh;
			shellScript = "\"${SRCROOT}/Pods/Target Support Files/Pods-Prototype2/Pods-Prototype2-frameworks.sh\"\n";
			showEnvVarsInLog = 0;
		};
/* End PBXShellScriptBuildPhase section */

/* Begin PBXSourcesBuildPhase section */
		FD723CDA2004ADC1002E5675 /* Sources */ = {
			isa = PBXSourcesBuildPhase;
			buildActionMask = 2147483647;
			files = (
				FD51AE172022A869004B7466 /* EditCarteVC.swift in Sources */,
				FD51AE162022A85E004B7466 /* SelectedCarteVC.swift in Sources */,
				4D88FEFF200877B800A442DE /* UIApplication.swift in Sources */,
				41AF5109200B3BB40082F272 /* CustomerVC.swift in Sources */,
				41F34F1E20145EAE000FD9E9 /* HelpCell.swift in Sources */,
				FD15222B20061BE30028B221 /* EditPhotoVC.swift in Sources */,
				FD1D81CB20107ADF00498B2C /* RegisterCustomerVC.swift in Sources */,
				4D88FF062008AB7F00A442DE /* PageTestViewController.swift in Sources */,
				FD15D2A1200C8BC3006F1816 /* PhotoPageVC.swift in Sources */,
				FD15222620061BA30028B221 /* SelectedPhotoVC.swift in Sources */,
				FD8BE94D200DCF830011E4F8 /* GlobalVariables.swift in Sources */,
				FD594DED2005A9B2006B72A5 /* CarteVC.swift in Sources */,
				FD8BE950200DF2AA0011E4F8 /* BasePageVC.swift in Sources */,
				FD15223720061E2D0028B221 /* MailVC.swift in Sources */,
				FD15224020061FC70028B221 /* SecretVC.swift in Sources */,
				FD723D0B2004BC10002E5675 /* RoundLabelCorner.swift in Sources */,
				FD8BE949200DA2470011E4F8 /* CustomerCell.swift in Sources */,
				FD15222920061BD30028B221 /* ComparePhotoVC.swift in Sources */,
				4D88FF042008824600A442DE /* UIViewController.swift in Sources */,
				FD795BAD2011A07000015DEA /* NotificationCell.swift in Sources */,
				4D88FF0220087BEF00A442DE /* Constant.swift in Sources */,
				FD1D81C720103D1700498B2C /* AccountInfoVC.swift in Sources */,
				FD15223A20061EC80028B221 /* UserPopupVC.swift in Sources */,
				FD594DEB2005A6A1006B72A5 /* MainVC.swift in Sources */,
				FD15D2A3200C8BDD006F1816 /* VideoPageVC.swift in Sources */,
				FD15223D20061F400028B221 /* TemplateVC.swift in Sources */,
				FD152248200620830028B221 /* EditVideoVC.swift in Sources */,
				FD59CF1820181EF00047A007 /* SelectedCarteCollectionCell.swift in Sources */,
				4185115D200BB038008BBDFA /* HomeVC.swift in Sources */,
				FD723CE22004ADC1002E5675 /* AppDelegate.swift in Sources */,
				FD1D81C920103D2700498B2C /* HelpVC.swift in Sources */,
				FD723D042004BAEB002E5675 /* LoginVC.swift in Sources */,
				419D6AB820084C8B007C7CBC /* SideMenuCell.swift in Sources */,
				FD15D29D200C7962006F1816 /* UserData.swift in Sources */,
				FD723D0A2004BC10002E5675 /* RoundUIViewCorner.swift in Sources */,
				FD795BAA20119FF900015DEA /* NotificationVC.swift in Sources */,
				FD860FFE20157713004736CA /* SearchCustomerVC.swift in Sources */,
				FD15223520061DE40028B221 /* MainTableViewCell.swift in Sources */,
				41AF5105200B2D6B0082F272 /* SettingVC.swift in Sources */,
				FD152244200620600028B221 /* SelectedVideoVC.swift in Sources */,
				41AF5107200B3B3F0082F272 /* PageVC.swift in Sources */,
				FD594DF32005DDCC006B72A5 /* CustomerData.swift in Sources */,
				FD15D29F200C8BB0006F1816 /* CustomerPageVC.swift in Sources */,
				419D6AB620084BE6007C7CBC /* SideMenuVC.swift in Sources */,
				FD0433A8200F4E8F00F26725 /* CalculateVC.swift in Sources */,
				FD723D0E2004BC2F002E5675 /* RoundImageCorner.swift in Sources */,
				FD152242200620250028B221 /* CarteTableViewCell.swift in Sources */,
				FD795BB82011EA2C00015DEA /* MailSettingPopup.swift in Sources */,
				FD723D0C2004BC10002E5675 /* RoundButtonCorner.swift in Sources */,
				FD594DF42005DDCC006B72A5 /* CarteData.swift in Sources */,
				FD795BA820119CBC00015DEA /* AppNotify.swift in Sources */,
				4D88FEFD2008779000A442DE /* ExSlideMenuController.swift in Sources */,
				419D6ABE200855A3007C7CBC /* BaseVC.swift in Sources */,
				FD152246200620710028B221 /* CompareVideoVC.swift in Sources */,
				410374F020138810005B2BEA /* AccountInfoPopup.swift in Sources */,
				FD55BA72200D9038008E6A81 /* RealmServices.swift in Sources */,
				41F34F2020146234000FD9E9 /* HelpData.swift in Sources */,
			);
			runOnlyForDeploymentPostprocessing = 0;
		};
/* End PBXSourcesBuildPhase section */

/* Begin PBXVariantGroup section */
		FD723CE52004ADC1002E5675 /* Main.storyboard */ = {
			isa = PBXVariantGroup;
			children = (
				FD723CE62004ADC1002E5675 /* Base */,
			);
			name = Main.storyboard;
			sourceTree = "<group>";
		};
		FD723CEA2004ADC1002E5675 /* LaunchScreen.storyboard */ = {
			isa = PBXVariantGroup;
			children = (
				FD723CEB2004ADC1002E5675 /* Base */,
			);
			name = LaunchScreen.storyboard;
			sourceTree = "<group>";
		};
/* End PBXVariantGroup section */

/* Begin XCBuildConfiguration section */
		FD723CEE2004ADC1002E5675 /* Debug */ = {
			isa = XCBuildConfiguration;
			buildSettings = {
				ALWAYS_SEARCH_USER_PATHS = NO;
				CLANG_ANALYZER_NONNULL = YES;
				CLANG_ANALYZER_NUMBER_OBJECT_CONVERSION = YES_AGGRESSIVE;
				CLANG_CXX_LANGUAGE_STANDARD = "gnu++14";
				CLANG_CXX_LIBRARY = "libc++";
				CLANG_ENABLE_MODULES = YES;
				CLANG_ENABLE_OBJC_ARC = YES;
				CLANG_WARN_BLOCK_CAPTURE_AUTORELEASING = YES;
				CLANG_WARN_BOOL_CONVERSION = YES;
				CLANG_WARN_COMMA = YES;
				CLANG_WARN_CONSTANT_CONVERSION = YES;
				CLANG_WARN_DIRECT_OBJC_ISA_USAGE = YES_ERROR;
				CLANG_WARN_DOCUMENTATION_COMMENTS = YES;
				CLANG_WARN_EMPTY_BODY = YES;
				CLANG_WARN_ENUM_CONVERSION = YES;
				CLANG_WARN_INFINITE_RECURSION = YES;
				CLANG_WARN_INT_CONVERSION = YES;
				CLANG_WARN_NON_LITERAL_NULL_CONVERSION = YES;
				CLANG_WARN_OBJC_LITERAL_CONVERSION = YES;
				CLANG_WARN_OBJC_ROOT_CLASS = YES_ERROR;
				CLANG_WARN_RANGE_LOOP_ANALYSIS = YES;
				CLANG_WARN_STRICT_PROTOTYPES = YES;
				CLANG_WARN_SUSPICIOUS_MOVE = YES;
				CLANG_WARN_UNGUARDED_AVAILABILITY = YES_AGGRESSIVE;
				CLANG_WARN_UNREACHABLE_CODE = YES;
				CLANG_WARN__DUPLICATE_METHOD_MATCH = YES;
				CODE_SIGN_IDENTITY = "iPhone Developer";
				COPY_PHASE_STRIP = NO;
				DEBUG_INFORMATION_FORMAT = dwarf;
				ENABLE_STRICT_OBJC_MSGSEND = YES;
				ENABLE_TESTABILITY = YES;
				GCC_C_LANGUAGE_STANDARD = gnu11;
				GCC_DYNAMIC_NO_PIC = NO;
				GCC_NO_COMMON_BLOCKS = YES;
				GCC_OPTIMIZATION_LEVEL = 0;
				GCC_PREPROCESSOR_DEFINITIONS = (
					"DEBUG=1",
					"$(inherited)",
				);
				GCC_WARN_64_TO_32_BIT_CONVERSION = YES;
				GCC_WARN_ABOUT_RETURN_TYPE = YES_ERROR;
				GCC_WARN_UNDECLARED_SELECTOR = YES;
				GCC_WARN_UNINITIALIZED_AUTOS = YES_AGGRESSIVE;
				GCC_WARN_UNUSED_FUNCTION = YES;
				GCC_WARN_UNUSED_VARIABLE = YES;
				IPHONEOS_DEPLOYMENT_TARGET = 11.2;
				MTL_ENABLE_DEBUG_INFO = YES;
				ONLY_ACTIVE_ARCH = YES;
				SDKROOT = iphoneos;
				SWIFT_ACTIVE_COMPILATION_CONDITIONS = DEBUG;
				SWIFT_OPTIMIZATION_LEVEL = "-Onone";
			};
			name = Debug;
		};
		FD723CEF2004ADC1002E5675 /* Release */ = {
			isa = XCBuildConfiguration;
			buildSettings = {
				ALWAYS_SEARCH_USER_PATHS = NO;
				CLANG_ANALYZER_NONNULL = YES;
				CLANG_ANALYZER_NUMBER_OBJECT_CONVERSION = YES_AGGRESSIVE;
				CLANG_CXX_LANGUAGE_STANDARD = "gnu++14";
				CLANG_CXX_LIBRARY = "libc++";
				CLANG_ENABLE_MODULES = YES;
				CLANG_ENABLE_OBJC_ARC = YES;
				CLANG_WARN_BLOCK_CAPTURE_AUTORELEASING = YES;
				CLANG_WARN_BOOL_CONVERSION = YES;
				CLANG_WARN_COMMA = YES;
				CLANG_WARN_CONSTANT_CONVERSION = YES;
				CLANG_WARN_DIRECT_OBJC_ISA_USAGE = YES_ERROR;
				CLANG_WARN_DOCUMENTATION_COMMENTS = YES;
				CLANG_WARN_EMPTY_BODY = YES;
				CLANG_WARN_ENUM_CONVERSION = YES;
				CLANG_WARN_INFINITE_RECURSION = YES;
				CLANG_WARN_INT_CONVERSION = YES;
				CLANG_WARN_NON_LITERAL_NULL_CONVERSION = YES;
				CLANG_WARN_OBJC_LITERAL_CONVERSION = YES;
				CLANG_WARN_OBJC_ROOT_CLASS = YES_ERROR;
				CLANG_WARN_RANGE_LOOP_ANALYSIS = YES;
				CLANG_WARN_STRICT_PROTOTYPES = YES;
				CLANG_WARN_SUSPICIOUS_MOVE = YES;
				CLANG_WARN_UNGUARDED_AVAILABILITY = YES_AGGRESSIVE;
				CLANG_WARN_UNREACHABLE_CODE = YES;
				CLANG_WARN__DUPLICATE_METHOD_MATCH = YES;
				CODE_SIGN_IDENTITY = "iPhone Developer";
				COPY_PHASE_STRIP = NO;
				DEBUG_INFORMATION_FORMAT = "dwarf-with-dsym";
				ENABLE_NS_ASSERTIONS = NO;
				ENABLE_STRICT_OBJC_MSGSEND = YES;
				GCC_C_LANGUAGE_STANDARD = gnu11;
				GCC_NO_COMMON_BLOCKS = YES;
				GCC_WARN_64_TO_32_BIT_CONVERSION = YES;
				GCC_WARN_ABOUT_RETURN_TYPE = YES_ERROR;
				GCC_WARN_UNDECLARED_SELECTOR = YES;
				GCC_WARN_UNINITIALIZED_AUTOS = YES_AGGRESSIVE;
				GCC_WARN_UNUSED_FUNCTION = YES;
				GCC_WARN_UNUSED_VARIABLE = YES;
				IPHONEOS_DEPLOYMENT_TARGET = 11.2;
				MTL_ENABLE_DEBUG_INFO = NO;
				SDKROOT = iphoneos;
				SWIFT_OPTIMIZATION_LEVEL = "-Owholemodule";
				VALIDATE_PRODUCT = YES;
			};
			name = Release;
		};
		FD723CF12004ADC1002E5675 /* Debug */ = {
			isa = XCBuildConfiguration;
			baseConfigurationReference = 5ED158CD1A04F2AE46B9DE44 /* Pods-Prototype2.debug.xcconfig */;
			buildSettings = {
				ASSETCATALOG_COMPILER_APPICON_NAME = AppIcon;
				CLANG_ENABLE_MODULES = YES;
				CODE_SIGN_STYLE = Automatic;
				DEVELOPMENT_TEAM = 8YLSK83HY4;
				INFOPLIST_FILE = Prototype2/Info.plist;
				IPHONEOS_DEPLOYMENT_TARGET = 9.3;
				LD_RUNPATH_SEARCH_PATHS = "$(inherited) @executable_path/Frameworks";
				PRODUCT_BUNDLE_IDENTIFIER = com.longnh.Prototype2;
				PRODUCT_NAME = "$(TARGET_NAME)";
				SWIFT_OBJC_BRIDGING_HEADER = "";
				SWIFT_OPTIMIZATION_LEVEL = "-Onone";
				SWIFT_VERSION = 4.0;
				TARGETED_DEVICE_FAMILY = 2;
			};
			name = Debug;
		};
		FD723CF22004ADC1002E5675 /* Release */ = {
			isa = XCBuildConfiguration;
			baseConfigurationReference = 678C181F9249952A01FD8EEC /* Pods-Prototype2.release.xcconfig */;
			buildSettings = {
				ASSETCATALOG_COMPILER_APPICON_NAME = AppIcon;
				CLANG_ENABLE_MODULES = YES;
				CODE_SIGN_STYLE = Automatic;
				DEVELOPMENT_TEAM = 8YLSK83HY4;
				INFOPLIST_FILE = Prototype2/Info.plist;
				IPHONEOS_DEPLOYMENT_TARGET = 9.3;
				LD_RUNPATH_SEARCH_PATHS = "$(inherited) @executable_path/Frameworks";
				PRODUCT_BUNDLE_IDENTIFIER = com.longnh.Prototype2;
				PRODUCT_NAME = "$(TARGET_NAME)";
				SWIFT_OBJC_BRIDGING_HEADER = "";
				SWIFT_VERSION = 4.0;
				TARGETED_DEVICE_FAMILY = 2;
			};
			name = Release;
		};
/* End XCBuildConfiguration section */

/* Begin XCConfigurationList section */
		FD723CD92004ADC1002E5675 /* Build configuration list for PBXProject "Prototype2" */ = {
			isa = XCConfigurationList;
			buildConfigurations = (
				FD723CEE2004ADC1002E5675 /* Debug */,
				FD723CEF2004ADC1002E5675 /* Release */,
			);
			defaultConfigurationIsVisible = 0;
			defaultConfigurationName = Release;
		};
		FD723CF02004ADC1002E5675 /* Build configuration list for PBXNativeTarget "Prototype2" */ = {
			isa = XCConfigurationList;
			buildConfigurations = (
				FD723CF12004ADC1002E5675 /* Debug */,
				FD723CF22004ADC1002E5675 /* Release */,
			);
			defaultConfigurationIsVisible = 0;
			defaultConfigurationName = Release;
		};
/* End XCConfigurationList section */
	};
	rootObject = FD723CD62004ADC1002E5675 /* Project object */;
}
